// !$*UTF8*$!
{
	archiveVersion = 1;
	classes = {
	};
	objectVersion = 46;
	objects = {

/* Begin PBXBuildFile section */
		46091FE81A7FD37A00DC2513 /* Main.storyboard in Resources */ = {isa = PBXBuildFile; fileRef = 46091FE61A7FD37A00DC2513 /* Main.storyboard */; };
		46091FEB1A7FD5AA00DC2513 /* ReminderViewController.m in Sources */ = {isa = PBXBuildFile; fileRef = 46091FEA1A7FD5AA00DC2513 /* ReminderViewController.m */; };
		460E22F21AA1243200D212EE /* Images.xcassets in Resources */ = {isa = PBXBuildFile; fileRef = 460E22F11AA1243200D212EE /* Images.xcassets */; };
		460E22F81AA33A9D00D212EE /* DateWrapper.m in Sources */ = {isa = PBXBuildFile; fileRef = 460E22F71AA33A9D00D212EE /* DateWrapper.m */; };
		460E22FE1AABA26700D212EE /* SegmentForToDoItem.m in Sources */ = {isa = PBXBuildFile; fileRef = 460E22FD1AABA26700D212EE /* SegmentForToDoItem.m */; };
		464B10E11ABF1282008627DC /* LocalNotifications.m in Sources */ = {isa = PBXBuildFile; fileRef = 464B10E01ABF1282008627DC /* LocalNotifications.m */; };
		4659BA521A8BF912002C6A48 /* NSMutableArray+SWUtilityButtons.m in Sources */ = {isa = PBXBuildFile; fileRef = 4659BA471A8BF912002C6A48 /* NSMutableArray+SWUtilityButtons.m */; };
		4659BA531A8BF912002C6A48 /* SWCellScrollView.m in Sources */ = {isa = PBXBuildFile; fileRef = 4659BA491A8BF912002C6A48 /* SWCellScrollView.m */; };
		4659BA541A8BF912002C6A48 /* SWLongPressGestureRecognizer.m in Sources */ = {isa = PBXBuildFile; fileRef = 4659BA4B1A8BF912002C6A48 /* SWLongPressGestureRecognizer.m */; };
		4659BA551A8BF912002C6A48 /* SWTableViewCell.m in Sources */ = {isa = PBXBuildFile; fileRef = 4659BA4D1A8BF912002C6A48 /* SWTableViewCell.m */; };
		4659BA561A8BF912002C6A48 /* SWUtilityButtonTapGestureRecognizer.m in Sources */ = {isa = PBXBuildFile; fileRef = 4659BA4F1A8BF912002C6A48 /* SWUtilityButtonTapGestureRecognizer.m */; };
		4659BA571A8BF912002C6A48 /* SWUtilityButtonView.m in Sources */ = {isa = PBXBuildFile; fileRef = 4659BA511A8BF912002C6A48 /* SWUtilityButtonView.m */; };
		4659BA601A8BF952002C6A48 /* list@2x.png in Resources */ = {isa = PBXBuildFile; fileRef = 4659BA581A8BF952002C6A48 /* list@2x.png */; };
		4659BA611A8BF952002C6A48 /* check@2x.png in Resources */ = {isa = PBXBuildFile; fileRef = 4659BA591A8BF952002C6A48 /* check@2x.png */; };
		4659BA621A8BF952002C6A48 /* cross@2x.png in Resources */ = {isa = PBXBuildFile; fileRef = 4659BA5A1A8BF952002C6A48 /* cross@2x.png */; };
		4659BA631A8BF952002C6A48 /* clock@2x.png in Resources */ = {isa = PBXBuildFile; fileRef = 4659BA5B1A8BF952002C6A48 /* clock@2x.png */; };
		4659BA651A8BF952002C6A48 /* Default.png in Resources */ = {isa = PBXBuildFile; fileRef = 4659BA5D1A8BF952002C6A48 /* Default.png */; };
		4659BA661A8BF952002C6A48 /* Default@2x.png in Resources */ = {isa = PBXBuildFile; fileRef = 4659BA5E1A8BF952002C6A48 /* Default@2x.png */; };
		4659BA671A8BF952002C6A48 /* Default-568h@2x.png in Resources */ = {isa = PBXBuildFile; fileRef = 4659BA5F1A8BF952002C6A48 /* Default-568h@2x.png */; };
		4659BA771A8BFC49002C6A48 /* QuartzCore.framework in Frameworks */ = {isa = PBXBuildFile; fileRef = 4659BA761A8BFC49002C6A48 /* QuartzCore.framework */; };
		4659BA791A8BFC55002C6A48 /* UIKit.framework in Frameworks */ = {isa = PBXBuildFile; fileRef = 4659BA781A8BFC55002C6A48 /* UIKit.framework */; };
		4659BA7B1A8BFC5E002C6A48 /* Foundation.framework in Frameworks */ = {isa = PBXBuildFile; fileRef = 4659BA7A1A8BFC5E002C6A48 /* Foundation.framework */; };
		4659BA7D1A8BFC65002C6A48 /* CoreGraphics.framework in Frameworks */ = {isa = PBXBuildFile; fileRef = 4659BA7C1A8BFC65002C6A48 /* CoreGraphics.framework */; };
		467A525F1A86461A00BBE0BA /* AlertViewController.m in Sources */ = {isa = PBXBuildFile; fileRef = 467A525E1A86461A00BBE0BA /* AlertViewController.m */; };
		467A52621A86529100BBE0BA /* RepeatViewController.m in Sources */ = {isa = PBXBuildFile; fileRef = 467A52611A86529100BBE0BA /* RepeatViewController.m */; };
		468743C41ABDC56800145F39 /* reminder_clock@2x.png in Resources */ = {isa = PBXBuildFile; fileRef = 468743C31ABDC56800145F39 /* reminder_clock@2x.png */; };
		468743CC1ABEDEB600145F39 /* clock_alert@2x.png in Resources */ = {isa = PBXBuildFile; fileRef = 468743CB1ABEDEB600145F39 /* clock_alert@2x.png */; };
		468743CE1ABEE94400145F39 /* repeat@2x.png in Resources */ = {isa = PBXBuildFile; fileRef = 468743CD1ABEE94400145F39 /* repeat@2x.png */; };
		469C06B61A69857F00ED9A9B /* main.m in Sources */ = {isa = PBXBuildFile; fileRef = 469C06B51A69857F00ED9A9B /* main.m */; };
		469C06B91A69857F00ED9A9B /* AppDelegate.m in Sources */ = {isa = PBXBuildFile; fileRef = 469C06B81A69857F00ED9A9B /* AppDelegate.m */; };
		469C06C41A69857F00ED9A9B /* LaunchScreen.xib in Resources */ = {isa = PBXBuildFile; fileRef = 469C06C21A69857F00ED9A9B /* LaunchScreen.xib */; };
		469C06D01A69857F00ED9A9B /* iOSDoToListTests.m in Sources */ = {isa = PBXBuildFile; fileRef = 469C06CF1A69857F00ED9A9B /* iOSDoToListTests.m */; };
		469C06DE1A6B03C900ED9A9B /* AddToDoItemViewController.m in Sources */ = {isa = PBXBuildFile; fileRef = 469C06DD1A6B03C900ED9A9B /* AddToDoItemViewController.m */; };
		469C06E11A6B048500ED9A9B /* ToDoListTableViewController.m in Sources */ = {isa = PBXBuildFile; fileRef = 469C06E01A6B048500ED9A9B /* ToDoListTableViewController.m */; };
		469C06E41A6B0E5200ED9A9B /* ToDoItem.m in Sources */ = {isa = PBXBuildFile; fileRef = 469C06E31A6B0E5200ED9A9B /* ToDoItem.m */; };
		46E6B2E81A9FAACE004AC3F2 /* Utility.m in Sources */ = {isa = PBXBuildFile; fileRef = 46E6B2E71A9FAACE004AC3F2 /* Utility.m */; };
		46E6B2EE1AA1185C004AC3F2 /* LaunchScreen.png in Resources */ = {isa = PBXBuildFile; fileRef = 46E6B2ED1AA1185C004AC3F2 /* LaunchScreen.png */; };
/* End PBXBuildFile section */

/* Begin PBXContainerItemProxy section */
		469C06CA1A69857F00ED9A9B /* PBXContainerItemProxy */ = {
			isa = PBXContainerItemProxy;
			containerPortal = 469C06A81A69857F00ED9A9B /* Project object */;
			proxyType = 1;
			remoteGlobalIDString = 469C06AF1A69857F00ED9A9B;
			remoteInfo = iOSDoToList;
		};
/* End PBXContainerItemProxy section */

/* Begin PBXFileReference section */
		46091FE71A7FD37A00DC2513 /* Base */ = {isa = PBXFileReference; lastKnownFileType = file.storyboard; name = Base; path = iOSDoToList/Base.lproj/Main.storyboard; sourceTree = "<group>"; };
		46091FE91A7FD5AA00DC2513 /* ReminderViewController.h */ = {isa = PBXFileReference; fileEncoding = 4; lastKnownFileType = sourcecode.c.h; path = ReminderViewController.h; sourceTree = "<group>"; };
		46091FEA1A7FD5AA00DC2513 /* ReminderViewController.m */ = {isa = PBXFileReference; fileEncoding = 4; lastKnownFileType = sourcecode.c.objc; path = ReminderViewController.m; sourceTree = "<group>"; };
		460E22F11AA1243200D212EE /* Images.xcassets */ = {isa = PBXFileReference; lastKnownFileType = folder.assetcatalog; path = Images.xcassets; sourceTree = "<group>"; };
		460E22F61AA33A9D00D212EE /* DateWrapper.h */ = {isa = PBXFileReference; fileEncoding = 4; lastKnownFileType = sourcecode.c.h; path = DateWrapper.h; sourceTree = "<group>"; };
		460E22F71AA33A9D00D212EE /* DateWrapper.m */ = {isa = PBXFileReference; fileEncoding = 4; lastKnownFileType = sourcecode.c.objc; path = DateWrapper.m; sourceTree = "<group>"; };
		460E22FC1AABA26700D212EE /* SegmentForToDoItem.h */ = {isa = PBXFileReference; fileEncoding = 4; lastKnownFileType = sourcecode.c.h; path = SegmentForToDoItem.h; sourceTree = "<group>"; };
		460E22FD1AABA26700D212EE /* SegmentForToDoItem.m */ = {isa = PBXFileReference; fileEncoding = 4; lastKnownFileType = sourcecode.c.objc; path = SegmentForToDoItem.m; sourceTree = "<group>"; };
		464B10DF1ABF1282008627DC /* LocalNotifications.h */ = {isa = PBXFileReference; fileEncoding = 4; lastKnownFileType = sourcecode.c.h; path = LocalNotifications.h; sourceTree = "<group>"; };
		464B10E01ABF1282008627DC /* LocalNotifications.m */ = {isa = PBXFileReference; fileEncoding = 4; lastKnownFileType = sourcecode.c.objc; path = LocalNotifications.m; sourceTree = "<group>"; };
		4659BA461A8BF912002C6A48 /* NSMutableArray+SWUtilityButtons.h */ = {isa = PBXFileReference; fileEncoding = 4; lastKnownFileType = sourcecode.c.h; path = "NSMutableArray+SWUtilityButtons.h"; sourceTree = "<group>"; };
		4659BA471A8BF912002C6A48 /* NSMutableArray+SWUtilityButtons.m */ = {isa = PBXFileReference; fileEncoding = 4; lastKnownFileType = sourcecode.c.objc; path = "NSMutableArray+SWUtilityButtons.m"; sourceTree = "<group>"; };
		4659BA481A8BF912002C6A48 /* SWCellScrollView.h */ = {isa = PBXFileReference; fileEncoding = 4; lastKnownFileType = sourcecode.c.h; path = SWCellScrollView.h; sourceTree = "<group>"; };
		4659BA491A8BF912002C6A48 /* SWCellScrollView.m */ = {isa = PBXFileReference; fileEncoding = 4; lastKnownFileType = sourcecode.c.objc; path = SWCellScrollView.m; sourceTree = "<group>"; };
		4659BA4A1A8BF912002C6A48 /* SWLongPressGestureRecognizer.h */ = {isa = PBXFileReference; fileEncoding = 4; lastKnownFileType = sourcecode.c.h; path = SWLongPressGestureRecognizer.h; sourceTree = "<group>"; };
		4659BA4B1A8BF912002C6A48 /* SWLongPressGestureRecognizer.m */ = {isa = PBXFileReference; fileEncoding = 4; lastKnownFileType = sourcecode.c.objc; path = SWLongPressGestureRecognizer.m; sourceTree = "<group>"; };
		4659BA4C1A8BF912002C6A48 /* SWTableViewCell.h */ = {isa = PBXFileReference; fileEncoding = 4; lastKnownFileType = sourcecode.c.h; path = SWTableViewCell.h; sourceTree = "<group>"; };
		4659BA4D1A8BF912002C6A48 /* SWTableViewCell.m */ = {isa = PBXFileReference; fileEncoding = 4; lastKnownFileType = sourcecode.c.objc; path = SWTableViewCell.m; sourceTree = "<group>"; };
		4659BA4E1A8BF912002C6A48 /* SWUtilityButtonTapGestureRecognizer.h */ = {isa = PBXFileReference; fileEncoding = 4; lastKnownFileType = sourcecode.c.h; path = SWUtilityButtonTapGestureRecognizer.h; sourceTree = "<group>"; };
		4659BA4F1A8BF912002C6A48 /* SWUtilityButtonTapGestureRecognizer.m */ = {isa = PBXFileReference; fileEncoding = 4; lastKnownFileType = sourcecode.c.objc; path = SWUtilityButtonTapGestureRecognizer.m; sourceTree = "<group>"; };
		4659BA501A8BF912002C6A48 /* SWUtilityButtonView.h */ = {isa = PBXFileReference; fileEncoding = 4; lastKnownFileType = sourcecode.c.h; path = SWUtilityButtonView.h; sourceTree = "<group>"; };
		4659BA511A8BF912002C6A48 /* SWUtilityButtonView.m */ = {isa = PBXFileReference; fileEncoding = 4; lastKnownFileType = sourcecode.c.objc; path = SWUtilityButtonView.m; sourceTree = "<group>"; };
		4659BA581A8BF952002C6A48 /* list@2x.png */ = {isa = PBXFileReference; lastKnownFileType = image.png; path = "list@2x.png"; sourceTree = "<group>"; };
		4659BA591A8BF952002C6A48 /* check@2x.png */ = {isa = PBXFileReference; lastKnownFileType = image.png; path = "check@2x.png"; sourceTree = "<group>"; };
		4659BA5A1A8BF952002C6A48 /* cross@2x.png */ = {isa = PBXFileReference; lastKnownFileType = image.png; path = "cross@2x.png"; sourceTree = "<group>"; };
		4659BA5B1A8BF952002C6A48 /* clock@2x.png */ = {isa = PBXFileReference; lastKnownFileType = image.png; path = "clock@2x.png"; sourceTree = "<group>"; };
		4659BA5D1A8BF952002C6A48 /* Default.png */ = {isa = PBXFileReference; lastKnownFileType = image.png; path = Default.png; sourceTree = "<group>"; };
		4659BA5E1A8BF952002C6A48 /* Default@2x.png */ = {isa = PBXFileReference; lastKnownFileType = image.png; path = "Default@2x.png"; sourceTree = "<group>"; };
		4659BA5F1A8BF952002C6A48 /* Default-568h@2x.png */ = {isa = PBXFileReference; lastKnownFileType = image.png; path = "Default-568h@2x.png"; sourceTree = "<group>"; };
		4659BA761A8BFC49002C6A48 /* QuartzCore.framework */ = {isa = PBXFileReference; lastKnownFileType = wrapper.framework; name = QuartzCore.framework; path = System/Library/Frameworks/QuartzCore.framework; sourceTree = SDKROOT; };
		4659BA781A8BFC55002C6A48 /* UIKit.framework */ = {isa = PBXFileReference; lastKnownFileType = wrapper.framework; name = UIKit.framework; path = System/Library/Frameworks/UIKit.framework; sourceTree = SDKROOT; };
		4659BA7A1A8BFC5E002C6A48 /* Foundation.framework */ = {isa = PBXFileReference; lastKnownFileType = wrapper.framework; name = Foundation.framework; path = System/Library/Frameworks/Foundation.framework; sourceTree = SDKROOT; };
		4659BA7C1A8BFC65002C6A48 /* CoreGraphics.framework */ = {isa = PBXFileReference; lastKnownFileType = wrapper.framework; name = CoreGraphics.framework; path = System/Library/Frameworks/CoreGraphics.framework; sourceTree = SDKROOT; };
		467A525D1A86461A00BBE0BA /* AlertViewController.h */ = {isa = PBXFileReference; fileEncoding = 4; lastKnownFileType = sourcecode.c.h; path = AlertViewController.h; sourceTree = "<group>"; };
		467A525E1A86461A00BBE0BA /* AlertViewController.m */ = {isa = PBXFileReference; fileEncoding = 4; lastKnownFileType = sourcecode.c.objc; path = AlertViewController.m; sourceTree = "<group>"; };
		467A52601A86529100BBE0BA /* RepeatViewController.h */ = {isa = PBXFileReference; fileEncoding = 4; lastKnownFileType = sourcecode.c.h; path = RepeatViewController.h; sourceTree = "<group>"; };
		467A52611A86529100BBE0BA /* RepeatViewController.m */ = {isa = PBXFileReference; fileEncoding = 4; lastKnownFileType = sourcecode.c.objc; path = RepeatViewController.m; sourceTree = "<group>"; };
		468743C31ABDC56800145F39 /* reminder_clock@2x.png */ = {isa = PBXFileReference; lastKnownFileType = image.png; path = "reminder_clock@2x.png"; sourceTree = "<group>"; };
		468743CB1ABEDEB600145F39 /* clock_alert@2x.png */ = {isa = PBXFileReference; lastKnownFileType = image.png; path = "clock_alert@2x.png"; sourceTree = "<group>"; };
		468743CD1ABEE94400145F39 /* repeat@2x.png */ = {isa = PBXFileReference; lastKnownFileType = image.png; path = "repeat@2x.png"; sourceTree = "<group>"; };
		469C06B01A69857F00ED9A9B /* SimpleDo.app */ = {isa = PBXFileReference; explicitFileType = wrapper.application; includeInIndex = 0; path = SimpleDo.app; sourceTree = BUILT_PRODUCTS_DIR; };
		469C06B41A69857F00ED9A9B /* Info.plist */ = {isa = PBXFileReference; lastKnownFileType = text.plist.xml; path = Info.plist; sourceTree = "<group>"; };
		469C06B51A69857F00ED9A9B /* main.m */ = {isa = PBXFileReference; lastKnownFileType = sourcecode.c.objc; path = main.m; sourceTree = "<group>"; };
		469C06B71A69857F00ED9A9B /* AppDelegate.h */ = {isa = PBXFileReference; lastKnownFileType = sourcecode.c.h; path = AppDelegate.h; sourceTree = "<group>"; };
		469C06B81A69857F00ED9A9B /* AppDelegate.m */ = {isa = PBXFileReference; lastKnownFileType = sourcecode.c.objc; path = AppDelegate.m; sourceTree = "<group>"; };
		469C06C31A69857F00ED9A9B /* Base */ = {isa = PBXFileReference; lastKnownFileType = file.xib; name = Base; path = Base.lproj/LaunchScreen.xib; sourceTree = "<group>"; };
		469C06C91A69857F00ED9A9B /* SimpleDoTests.xctest */ = {isa = PBXFileReference; explicitFileType = wrapper.cfbundle; includeInIndex = 0; path = SimpleDoTests.xctest; sourceTree = BUILT_PRODUCTS_DIR; };
		469C06CE1A69857F00ED9A9B /* Info.plist */ = {isa = PBXFileReference; lastKnownFileType = text.plist.xml; path = Info.plist; sourceTree = "<group>"; };
		469C06CF1A69857F00ED9A9B /* iOSDoToListTests.m */ = {isa = PBXFileReference; lastKnownFileType = sourcecode.c.objc; path = iOSDoToListTests.m; sourceTree = "<group>"; };
		469C06DC1A6B03C900ED9A9B /* AddToDoItemViewController.h */ = {isa = PBXFileReference; fileEncoding = 4; lastKnownFileType = sourcecode.c.h; name = AddToDoItemViewController.h; path = ../AddToDoItemViewController.h; sourceTree = "<group>"; };
		469C06DD1A6B03C900ED9A9B /* AddToDoItemViewController.m */ = {isa = PBXFileReference; fileEncoding = 4; lastKnownFileType = sourcecode.c.objc; name = AddToDoItemViewController.m; path = ../AddToDoItemViewController.m; sourceTree = "<group>"; };
		469C06DF1A6B048500ED9A9B /* ToDoListTableViewController.h */ = {isa = PBXFileReference; fileEncoding = 4; lastKnownFileType = sourcecode.c.h; path = ToDoListTableViewController.h; sourceTree = "<group>"; };
		469C06E01A6B048500ED9A9B /* ToDoListTableViewController.m */ = {isa = PBXFileReference; fileEncoding = 4; lastKnownFileType = sourcecode.c.objc; path = ToDoListTableViewController.m; sourceTree = "<group>"; };
		469C06E21A6B0E5200ED9A9B /* ToDoItem.h */ = {isa = PBXFileReference; fileEncoding = 4; lastKnownFileType = sourcecode.c.h; name = ToDoItem.h; path = ../ToDoItem.h; sourceTree = "<group>"; };
		469C06E31A6B0E5200ED9A9B /* ToDoItem.m */ = {isa = PBXFileReference; fileEncoding = 4; lastKnownFileType = sourcecode.c.objc; name = ToDoItem.m; path = ../ToDoItem.m; sourceTree = "<group>"; };
		46E6B2E61A9FAACE004AC3F2 /* Utility.h */ = {isa = PBXFileReference; fileEncoding = 4; lastKnownFileType = sourcecode.c.h; name = Utility.h; path = ../Utility.h; sourceTree = "<group>"; };
		46E6B2E71A9FAACE004AC3F2 /* Utility.m */ = {isa = PBXFileReference; fileEncoding = 4; lastKnownFileType = sourcecode.c.objc; name = Utility.m; path = ../Utility.m; sourceTree = "<group>"; };
		46E6B2ED1AA1185C004AC3F2 /* LaunchScreen.png */ = {isa = PBXFileReference; lastKnownFileType = image.png; path = LaunchScreen.png; sourceTree = "<group>"; };
/* End PBXFileReference section */

/* Begin PBXFrameworksBuildPhase section */
		469C06AD1A69857F00ED9A9B /* Frameworks */ = {
			isa = PBXFrameworksBuildPhase;
			buildActionMask = 2147483647;
			files = (
				4659BA7D1A8BFC65002C6A48 /* CoreGraphics.framework in Frameworks */,
				4659BA7B1A8BFC5E002C6A48 /* Foundation.framework in Frameworks */,
				4659BA791A8BFC55002C6A48 /* UIKit.framework in Frameworks */,
				4659BA771A8BFC49002C6A48 /* QuartzCore.framework in Frameworks */,
			);
			runOnlyForDeploymentPostprocessing = 0;
		};
		469C06C61A69857F00ED9A9B /* Frameworks */ = {
			isa = PBXFrameworksBuildPhase;
			buildActionMask = 2147483647;
			files = (
			);
			runOnlyForDeploymentPostprocessing = 0;
		};
/* End PBXFrameworksBuildPhase section */

/* Begin PBXGroup section */
		4659BA451A8BF8DF002C6A48 /* PodFiles */ = {
			isa = PBXGroup;
			children = (
				4659BA461A8BF912002C6A48 /* NSMutableArray+SWUtilityButtons.h */,
				4659BA471A8BF912002C6A48 /* NSMutableArray+SWUtilityButtons.m */,
				4659BA481A8BF912002C6A48 /* SWCellScrollView.h */,
				4659BA491A8BF912002C6A48 /* SWCellScrollView.m */,
				4659BA4A1A8BF912002C6A48 /* SWLongPressGestureRecognizer.h */,
				4659BA4B1A8BF912002C6A48 /* SWLongPressGestureRecognizer.m */,
				4659BA4C1A8BF912002C6A48 /* SWTableViewCell.h */,
				4659BA4D1A8BF912002C6A48 /* SWTableViewCell.m */,
				4659BA4E1A8BF912002C6A48 /* SWUtilityButtonTapGestureRecognizer.h */,
				4659BA4F1A8BF912002C6A48 /* SWUtilityButtonTapGestureRecognizer.m */,
				4659BA501A8BF912002C6A48 /* SWUtilityButtonView.h */,
				4659BA511A8BF912002C6A48 /* SWUtilityButtonView.m */,
			);
			name = PodFiles;
			sourceTree = "<group>";
		};
		469C06A71A69857F00ED9A9B = {
			isa = PBXGroup;
			children = (
				4659BA7C1A8BFC65002C6A48 /* CoreGraphics.framework */,
				4659BA7A1A8BFC5E002C6A48 /* Foundation.framework */,
				4659BA781A8BFC55002C6A48 /* UIKit.framework */,
				4659BA761A8BFC49002C6A48 /* QuartzCore.framework */,
				469C06B21A69857F00ED9A9B /* iOSDoToList */,
				469C06CC1A69857F00ED9A9B /* iOSDoToListTests */,
				469C06B11A69857F00ED9A9B /* Products */,
			);
			sourceTree = "<group>";
		};
		469C06B11A69857F00ED9A9B /* Products */ = {
			isa = PBXGroup;
			children = (
				469C06B01A69857F00ED9A9B /* SimpleDo.app */,
				469C06C91A69857F00ED9A9B /* SimpleDoTests.xctest */,
			);
			name = Products;
			sourceTree = "<group>";
		};
		469C06B21A69857F00ED9A9B /* iOSDoToList */ = {
			isa = PBXGroup;
			children = (
				46E6B2ED1AA1185C004AC3F2 /* LaunchScreen.png */,
				4659BA451A8BF8DF002C6A48 /* PodFiles */,
				469C06E21A6B0E5200ED9A9B /* ToDoItem.h */,
				469C06E31A6B0E5200ED9A9B /* ToDoItem.m */,
				460E22FC1AABA26700D212EE /* SegmentForToDoItem.h */,
				460E22FD1AABA26700D212EE /* SegmentForToDoItem.m */,
				469C06DC1A6B03C900ED9A9B /* AddToDoItemViewController.h */,
				469C06DD1A6B03C900ED9A9B /* AddToDoItemViewController.m */,
				467A525D1A86461A00BBE0BA /* AlertViewController.h */,
				467A525E1A86461A00BBE0BA /* AlertViewController.m */,
				467A52601A86529100BBE0BA /* RepeatViewController.h */,
				467A52611A86529100BBE0BA /* RepeatViewController.m */,
				46091FE91A7FD5AA00DC2513 /* ReminderViewController.h */,
				46091FEA1A7FD5AA00DC2513 /* ReminderViewController.m */,
				469C06B71A69857F00ED9A9B /* AppDelegate.h */,
				469C06B81A69857F00ED9A9B /* AppDelegate.m */,
				469C06DF1A6B048500ED9A9B /* ToDoListTableViewController.h */,
				469C06E01A6B048500ED9A9B /* ToDoListTableViewController.m */,
				46091FE61A7FD37A00DC2513 /* Main.storyboard */,
				469C06C21A69857F00ED9A9B /* LaunchScreen.xib */,
				460E22F11AA1243200D212EE /* Images.xcassets */,
				469C06B31A69857F00ED9A9B /* Supporting Files */,
			);
			path = iOSDoToList;
			sourceTree = "<group>";
		};
		469C06B31A69857F00ED9A9B /* Supporting Files */ = {
			isa = PBXGroup;
			children = (
				46E6B2E61A9FAACE004AC3F2 /* Utility.h */,
				46E6B2E71A9FAACE004AC3F2 /* Utility.m */,
				464B10DF1ABF1282008627DC /* LocalNotifications.h */,
				464B10E01ABF1282008627DC /* LocalNotifications.m */,
				460E22F61AA33A9D00D212EE /* DateWrapper.h */,
				460E22F71AA33A9D00D212EE /* DateWrapper.m */,
				4659BA581A8BF952002C6A48 /* list@2x.png */,
				4659BA591A8BF952002C6A48 /* check@2x.png */,
				4659BA5A1A8BF952002C6A48 /* cross@2x.png */,
				4659BA5B1A8BF952002C6A48 /* clock@2x.png */,
				468743CD1ABEE94400145F39 /* repeat@2x.png */,
				468743CB1ABEDEB600145F39 /* clock_alert@2x.png */,
				468743C31ABDC56800145F39 /* reminder_clock@2x.png */,
				4659BA5D1A8BF952002C6A48 /* Default.png */,
				4659BA5E1A8BF952002C6A48 /* Default@2x.png */,
				4659BA5F1A8BF952002C6A48 /* Default-568h@2x.png */,
				469C06B41A69857F00ED9A9B /* Info.plist */,
				469C06B51A69857F00ED9A9B /* main.m */,
			);
			name = "Supporting Files";
			sourceTree = "<group>";
		};
		469C06CC1A69857F00ED9A9B /* iOSDoToListTests */ = {
			isa = PBXGroup;
			children = (
				469C06CF1A69857F00ED9A9B /* iOSDoToListTests.m */,
				469C06CD1A69857F00ED9A9B /* Supporting Files */,
			);
			path = iOSDoToListTests;
			sourceTree = "<group>";
		};
		469C06CD1A69857F00ED9A9B /* Supporting Files */ = {
			isa = PBXGroup;
			children = (
				469C06CE1A69857F00ED9A9B /* Info.plist */,
			);
			name = "Supporting Files";
			sourceTree = "<group>";
		};
/* End PBXGroup section */

/* Begin PBXNativeTarget section */
		469C06AF1A69857F00ED9A9B /* SimpleDo */ = {
			isa = PBXNativeTarget;
			buildConfigurationList = 469C06D31A69857F00ED9A9B /* Build configuration list for PBXNativeTarget "SimpleDo" */;
			buildPhases = (
				469C06AC1A69857F00ED9A9B /* Sources */,
				469C06AD1A69857F00ED9A9B /* Frameworks */,
				469C06AE1A69857F00ED9A9B /* Resources */,
			);
			buildRules = (
			);
			dependencies = (
			);
			name = SimpleDo;
			productName = iOSDoToList;
			productReference = 469C06B01A69857F00ED9A9B /* SimpleDo.app */;
			productType = "com.apple.product-type.application";
		};
		469C06C81A69857F00ED9A9B /* SimpleDoTests */ = {
			isa = PBXNativeTarget;
			buildConfigurationList = 469C06D61A69857F00ED9A9B /* Build configuration list for PBXNativeTarget "SimpleDoTests" */;
			buildPhases = (
				469C06C51A69857F00ED9A9B /* Sources */,
				469C06C61A69857F00ED9A9B /* Frameworks */,
				469C06C71A69857F00ED9A9B /* Resources */,
			);
			buildRules = (
			);
			dependencies = (
				469C06CB1A69857F00ED9A9B /* PBXTargetDependency */,
			);
			name = SimpleDoTests;
			productName = iOSDoToListTests;
			productReference = 469C06C91A69857F00ED9A9B /* SimpleDoTests.xctest */;
			productType = "com.apple.product-type.bundle.unit-test";
		};
/* End PBXNativeTarget section */

/* Begin PBXProject section */
		469C06A81A69857F00ED9A9B /* Project object */ = {
			isa = PBXProject;
			attributes = {
				LastUpgradeCheck = 0610;
				ORGANIZATIONNAME = "David Buhauer";
				TargetAttributes = {
					469C06AF1A69857F00ED9A9B = {
						CreatedOnToolsVersion = 6.1.1;
						DevelopmentTeam = WC3CDPK7H2;
					};
					469C06C81A69857F00ED9A9B = {
						CreatedOnToolsVersion = 6.1.1;
						TestTargetID = 469C06AF1A69857F00ED9A9B;
					};
				};
			};
			buildConfigurationList = 469C06AB1A69857F00ED9A9B /* Build configuration list for PBXProject "SimpleDo" */;
			compatibilityVersion = "Xcode 3.2";
			developmentRegion = English;
			hasScannedForEncodings = 0;
			knownRegions = (
				en,
				Base,
			);
			mainGroup = 469C06A71A69857F00ED9A9B;
			productRefGroup = 469C06B11A69857F00ED9A9B /* Products */;
			projectDirPath = "";
			projectRoot = "";
			targets = (
				469C06AF1A69857F00ED9A9B /* SimpleDo */,
				469C06C81A69857F00ED9A9B /* SimpleDoTests */,
			);
		};
/* End PBXProject section */

/* Begin PBXResourcesBuildPhase section */
		469C06AE1A69857F00ED9A9B /* Resources */ = {
			isa = PBXResourcesBuildPhase;
			buildActionMask = 2147483647;
			files = (
				4659BA611A8BF952002C6A48 /* check@2x.png in Resources */,
				4659BA671A8BF952002C6A48 /* Default-568h@2x.png in Resources */,
				4659BA651A8BF952002C6A48 /* Default.png in Resources */,
				46E6B2EE1AA1185C004AC3F2 /* LaunchScreen.png in Resources */,
				4659BA661A8BF952002C6A48 /* Default@2x.png in Resources */,
				4659BA601A8BF952002C6A48 /* list@2x.png in Resources */,
				46091FE81A7FD37A00DC2513 /* Main.storyboard in Resources */,
				460E22F21AA1243200D212EE /* Images.xcassets in Resources */,
				469C06C41A69857F00ED9A9B /* LaunchScreen.xib in Resources */,
				4659BA631A8BF952002C6A48 /* clock@2x.png in Resources */,
				468743CE1ABEE94400145F39 /* repeat@2x.png in Resources */,
				468743C41ABDC56800145F39 /* reminder_clock@2x.png in Resources */,
				4659BA621A8BF952002C6A48 /* cross@2x.png in Resources */,
				468743CC1ABEDEB600145F39 /* clock_alert@2x.png in Resources */,
			);
			runOnlyForDeploymentPostprocessing = 0;
		};
		469C06C71A69857F00ED9A9B /* Resources */ = {
			isa = PBXResourcesBuildPhase;
			buildActionMask = 2147483647;
			files = (
			);
			runOnlyForDeploymentPostprocessing = 0;
		};
/* End PBXResourcesBuildPhase section */

/* Begin PBXSourcesBuildPhase section */
		469C06AC1A69857F00ED9A9B /* Sources */ = {
			isa = PBXSourcesBuildPhase;
			buildActionMask = 2147483647;
			files = (
				464B10E11ABF1282008627DC /* LocalNotifications.m in Sources */,
				469C06B91A69857F00ED9A9B /* AppDelegate.m in Sources */,
				4659BA541A8BF912002C6A48 /* SWLongPressGestureRecognizer.m in Sources */,
				467A525F1A86461A00BBE0BA /* AlertViewController.m in Sources */,
				4659BA571A8BF912002C6A48 /* SWUtilityButtonView.m in Sources */,
				4659BA521A8BF912002C6A48 /* NSMutableArray+SWUtilityButtons.m in Sources */,
				469C06E41A6B0E5200ED9A9B /* ToDoItem.m in Sources */,
				4659BA561A8BF912002C6A48 /* SWUtilityButtonTapGestureRecognizer.m in Sources */,
				46E6B2E81A9FAACE004AC3F2 /* Utility.m in Sources */,
				460E22FE1AABA26700D212EE /* SegmentForToDoItem.m in Sources */,
				467A52621A86529100BBE0BA /* RepeatViewController.m in Sources */,
				469C06E11A6B048500ED9A9B /* ToDoListTableViewController.m in Sources */,
				4659BA531A8BF912002C6A48 /* SWCellScrollView.m in Sources */,
				469C06B61A69857F00ED9A9B /* main.m in Sources */,
				469C06DE1A6B03C900ED9A9B /* AddToDoItemViewController.m in Sources */,
				4659BA551A8BF912002C6A48 /* SWTableViewCell.m in Sources */,
				460E22F81AA33A9D00D212EE /* DateWrapper.m in Sources */,
				46091FEB1A7FD5AA00DC2513 /* ReminderViewController.m in Sources */,
			);
			runOnlyForDeploymentPostprocessing = 0;
		};
		469C06C51A69857F00ED9A9B /* Sources */ = {
			isa = PBXSourcesBuildPhase;
			buildActionMask = 2147483647;
			files = (
				469C06D01A69857F00ED9A9B /* iOSDoToListTests.m in Sources */,
			);
			runOnlyForDeploymentPostprocessing = 0;
		};
/* End PBXSourcesBuildPhase section */

/* Begin PBXTargetDependency section */
		469C06CB1A69857F00ED9A9B /* PBXTargetDependency */ = {
			isa = PBXTargetDependency;
			target = 469C06AF1A69857F00ED9A9B /* SimpleDo */;
			targetProxy = 469C06CA1A69857F00ED9A9B /* PBXContainerItemProxy */;
		};
/* End PBXTargetDependency section */

/* Begin PBXVariantGroup section */
		46091FE61A7FD37A00DC2513 /* Main.storyboard */ = {
			isa = PBXVariantGroup;
			children = (
				46091FE71A7FD37A00DC2513 /* Base */,
			);
			name = Main.storyboard;
			path = ..;
			sourceTree = "<group>";
		};
		469C06C21A69857F00ED9A9B /* LaunchScreen.xib */ = {
			isa = PBXVariantGroup;
			children = (
				469C06C31A69857F00ED9A9B /* Base */,
			);
			name = LaunchScreen.xib;
			sourceTree = "<group>";
		};
/* End PBXVariantGroup section */

/* Begin XCBuildConfiguration section */
		469C06D11A69857F00ED9A9B /* Debug */ = {
			isa = XCBuildConfiguration;
			buildSettings = {
				ALWAYS_SEARCH_USER_PATHS = NO;
				CLANG_CXX_LANGUAGE_STANDARD = "gnu++0x";
				CLANG_CXX_LIBRARY = "libc++";
				CLANG_ENABLE_MODULES = YES;
				CLANG_ENABLE_OBJC_ARC = YES;
				CLANG_WARN_BOOL_CONVERSION = YES;
				CLANG_WARN_CONSTANT_CONVERSION = YES;
				CLANG_WARN_DIRECT_OBJC_ISA_USAGE = YES_ERROR;
				CLANG_WARN_EMPTY_BODY = YES;
				CLANG_WARN_ENUM_CONVERSION = YES;
				CLANG_WARN_INT_CONVERSION = YES;
				CLANG_WARN_OBJC_ROOT_CLASS = YES_ERROR;
				CLANG_WARN_UNREACHABLE_CODE = YES;
				CLANG_WARN__DUPLICATE_METHOD_MATCH = YES;
				"CODE_SIGN_IDENTITY[sdk=iphoneos*]" = "iPhone Developer";
				COPY_PHASE_STRIP = NO;
				ENABLE_STRICT_OBJC_MSGSEND = YES;
				GCC_C_LANGUAGE_STANDARD = gnu99;
				GCC_DYNAMIC_NO_PIC = NO;
				GCC_OPTIMIZATION_LEVEL = 0;
				GCC_PREPROCESSOR_DEFINITIONS = (
					"DEBUG=1",
					"$(inherited)",
				);
				GCC_SYMBOLS_PRIVATE_EXTERN = NO;
				GCC_WARN_64_TO_32_BIT_CONVERSION = YES;
				GCC_WARN_ABOUT_RETURN_TYPE = YES_ERROR;
				GCC_WARN_UNDECLARED_SELECTOR = YES;
				GCC_WARN_UNINITIALIZED_AUTOS = YES_AGGRESSIVE;
				GCC_WARN_UNUSED_FUNCTION = YES;
				GCC_WARN_UNUSED_VARIABLE = YES;
				IPHONEOS_DEPLOYMENT_TARGET = 8.1;
				MTL_ENABLE_DEBUG_INFO = YES;
				ONLY_ACTIVE_ARCH = YES;
				SDKROOT = iphoneos;
			};
			name = Debug;
		};
		469C06D21A69857F00ED9A9B /* Release */ = {
			isa = XCBuildConfiguration;
			buildSettings = {
				ALWAYS_SEARCH_USER_PATHS = NO;
				CLANG_CXX_LANGUAGE_STANDARD = "gnu++0x";
				CLANG_CXX_LIBRARY = "libc++";
				CLANG_ENABLE_MODULES = YES;
				CLANG_ENABLE_OBJC_ARC = YES;
				CLANG_WARN_BOOL_CONVERSION = YES;
				CLANG_WARN_CONSTANT_CONVERSION = YES;
				CLANG_WARN_DIRECT_OBJC_ISA_USAGE = YES_ERROR;
				CLANG_WARN_EMPTY_BODY = YES;
				CLANG_WARN_ENUM_CONVERSION = YES;
				CLANG_WARN_INT_CONVERSION = YES;
				CLANG_WARN_OBJC_ROOT_CLASS = YES_ERROR;
				CLANG_WARN_UNREACHABLE_CODE = YES;
				CLANG_WARN__DUPLICATE_METHOD_MATCH = YES;
				"CODE_SIGN_IDENTITY[sdk=iphoneos*]" = "iPhone Developer";
				COPY_PHASE_STRIP = YES;
				ENABLE_NS_ASSERTIONS = NO;
				ENABLE_STRICT_OBJC_MSGSEND = YES;
				GCC_C_LANGUAGE_STANDARD = gnu99;
				GCC_WARN_64_TO_32_BIT_CONVERSION = YES;
				GCC_WARN_ABOUT_RETURN_TYPE = YES_ERROR;
				GCC_WARN_UNDECLARED_SELECTOR = YES;
				GCC_WARN_UNINITIALIZED_AUTOS = YES_AGGRESSIVE;
				GCC_WARN_UNUSED_FUNCTION = YES;
				GCC_WARN_UNUSED_VARIABLE = YES;
				IPHONEOS_DEPLOYMENT_TARGET = 8.1;
				MTL_ENABLE_DEBUG_INFO = NO;
				SDKROOT = iphoneos;
				VALIDATE_PRODUCT = YES;
			};
			name = Release;
		};
		469C06D41A69857F00ED9A9B /* Debug */ = {
			isa = XCBuildConfiguration;
			buildSettings = {
				ASSETCATALOG_COMPILER_APPICON_NAME = AppIcon;
				FRAMEWORK_SEARCH_PATHS = (
					"$(inherited)",
					"$(PROJECT_DIR)/iOSDoToList",
				);
				INFOPLIST_FILE = iOSDoToList/Info.plist;
				IPHONEOS_DEPLOYMENT_TARGET = 8.2;
				LD_RUNPATH_SEARCH_PATHS = "$(inherited) @executable_path/Frameworks";
				ONLY_ACTIVE_ARCH = NO;
				PRODUCT_NAME = SimpleDo;
			};
			name = Debug;
		};
		469C06D51A69857F00ED9A9B /* Release */ = {
			isa = XCBuildConfiguration;
			buildSettings = {
				ASSETCATALOG_COMPILER_APPICON_NAME = AppIcon;
				FRAMEWORK_SEARCH_PATHS = (
					"$(inherited)",
					"$(PROJECT_DIR)/iOSDoToList",
				);
				INFOPLIST_FILE = iOSDoToList/Info.plist;
				IPHONEOS_DEPLOYMENT_TARGET = 8.2;
				LD_RUNPATH_SEARCH_PATHS = "$(inherited) @executable_path/Frameworks";
				ONLY_ACTIVE_ARCH = NO;
				PRODUCT_NAME = SimpleDo;
			};
			name = Release;
		};
		469C06D71A69857F00ED9A9B /* Debug */ = {
			isa = XCBuildConfiguration;
			buildSettings = {
				BUNDLE_LOADER = "$(TEST_HOST)";
				FRAMEWORK_SEARCH_PATHS = (
					"$(SDKROOT)/Developer/Library/Frameworks",
					"$(inherited)",
				);
				GCC_PREPROCESSOR_DEFINITIONS = (
					"DEBUG=1",
					"$(inherited)",
				);
				INFOPLIST_FILE = iOSDoToListTests/Info.plist;
				LD_RUNPATH_SEARCH_PATHS = "$(inherited) @executable_path/Frameworks @loader_path/Frameworks";
				PRODUCT_NAME = SimpleDoTests;
				TEST_HOST = "$(BUILT_PRODUCTS_DIR)/iOSDoToList.app/iOSDoToList";
			};
			name = Debug;
		};
		469C06D81A69857F00ED9A9B /* Release */ = {
			isa = XCBuildConfiguration;
			buildSettings = {
				BUNDLE_LOADER = "$(TEST_HOST)";
				FRAMEWORK_SEARCH_PATHS = (
					"$(SDKROOT)/Developer/Library/Frameworks",
					"$(inherited)",
				);
				INFOPLIST_FILE = iOSDoToListTests/Info.plist;
				LD_RUNPATH_SEARCH_PATHS = "$(inherited) @executable_path/Frameworks @loader_path/Frameworks";
				PRODUCT_NAME = SimpleDoTests;
				TEST_HOST = "$(BUILT_PRODUCTS_DIR)/iOSDoToList.app/iOSDoToList";
			};
			name = Release;
		};
/* End XCBuildConfiguration section */

/* Begin XCConfigurationList section */
		469C06AB1A69857F00ED9A9B /* Build configuration list for PBXProject "SimpleDo" */ = {
			isa = XCConfigurationList;
			buildConfigurations = (
				469C06D11A69857F00ED9A9B /* Debug */,
				469C06D21A69857F00ED9A9B /* Release */,
			);
			defaultConfigurationIsVisible = 0;
			defaultConfigurationName = Release;
		};
		469C06D31A69857F00ED9A9B /* Build configuration list for PBXNativeTarget "SimpleDo" */ = {
			isa = XCConfigurationList;
			buildConfigurations = (
				469C06D41A69857F00ED9A9B /* Debug */,
				469C06D51A69857F00ED9A9B /* Release */,
			);
			defaultConfigurationIsVisible = 0;
			defaultConfigurationName = Release;
		};
		469C06D61A69857F00ED9A9B /* Build configuration list for PBXNativeTarget "SimpleDoTests" */ = {
			isa = XCConfigurationList;
			buildConfigurations = (
				469C06D71A69857F00ED9A9B /* Debug */,
				469C06D81A69857F00ED9A9B /* Release */,
			);
			defaultConfigurationIsVisible = 0;
			defaultConfigurationName = Release;
		};
/* End XCConfigurationList section */
	};
	rootObject = 469C06A81A69857F00ED9A9B /* Project object */;
}
